<?xml version="1.0" encoding="utf-8"?>
<Project ToolsVersion="4.0" xmlns="http://schemas.microsoft.com/developer/msbuild/2003">
  <ItemGroup>
    <Filter Include="Shaders">
      <UniqueIdentifier>{6c5a3f93-7244-4d1d-8ee8-f0d9c5147518}</UniqueIdentifier>
    </Filter>
    <Filter Include="Graphics">
      <UniqueIdentifier>{fd638da9-c774-4c39-9ec8-7185b7b6e351}</UniqueIdentifier>
    </Filter>
    <Filter Include="Memory">
      <UniqueIdentifier>{2e2a5275-6553-4a7f-8f62-65748a8ede2e}</UniqueIdentifier>
    </Filter>
    <Filter Include="Timer">
      <UniqueIdentifier>{d21bad22-ed84-44c2-a36a-0931bb9cac06}</UniqueIdentifier>
    </Filter>
    <Filter Include="Object">
      <UniqueIdentifier>{832adf54-193e-41e8-bdc2-48b226afe707}</UniqueIdentifier>
    </Filter>
    <Filter Include="System">
      <UniqueIdentifier>{e6e6dbae-fc34-4afc-b3ff-dab42dc8feeb}</UniqueIdentifier>
    </Filter>
    <Filter Include="GameObject">
      <UniqueIdentifier>{76c5dd91-c942-453b-9f07-f55b8f32fc3b}</UniqueIdentifier>
    </Filter>
    <Filter Include="Physics">
      <UniqueIdentifier>{2fda8b27-e146-4ba0-807b-8e93e36e8aaf}</UniqueIdentifier>
    </Filter>
    <Filter Include="Graphics\Scene">
      <UniqueIdentifier>{2d205e45-52de-43bb-ad87-0d48e8ef3550}</UniqueIdentifier>
    </Filter>
    <Filter Include="Light">
      <UniqueIdentifier>{38cdff0b-c507-4832-bb1c-406426808d82}</UniqueIdentifier>
    </Filter>
    <Filter Include="Event">
      <UniqueIdentifier>{6ee89b1c-6803-40fb-a749-3ef020e3a619}</UniqueIdentifier>
    </Filter>
    <Filter Include="Math">
      <UniqueIdentifier>{211a1078-ca3b-4778-b7ce-65a6e659cc78}</UniqueIdentifier>
    </Filter>
    <Filter Include="Utilities">
      <UniqueIdentifier>{e505a7ab-4aba-4135-bf3f-c3146fb8bd46}</UniqueIdentifier>
    </Filter>
    <Filter Include="Graphics\Animation">
      <UniqueIdentifier>{df1eb073-1fef-4821-990f-6675dee38011}</UniqueIdentifier>
    </Filter>
    <Filter Include="Helpers">
      <UniqueIdentifier>{eda0d2c2-7f46-46f7-8264-25b5cb5de030}</UniqueIdentifier>
    </Filter>
    <Filter Include="Graphics\Render">
      <UniqueIdentifier>{85a729f2-1852-4014-a600-db96acdce96c}</UniqueIdentifier>
    </Filter>
    <Filter Include="Graphics\HUD">
      <UniqueIdentifier>{2f646138-12e4-464d-8984-a915019657bb}</UniqueIdentifier>
    </Filter>
    <Filter Include="DebugRenderer">
      <UniqueIdentifier>{a703c263-ddc4-4086-b43a-11826f062845}</UniqueIdentifier>
    </Filter>
    <Filter Include="Graphics\HUD\HUDElement">
      <UniqueIdentifier>{b2497fec-4275-4072-a072-ede9b1a6017d}</UniqueIdentifier>
    </Filter>
    <Filter Include="Graphics\HUD\HUDElement\ProgressBar">
      <UniqueIdentifier>{fc8134c6-63c2-4bc5-824b-ed3e6be44759}</UniqueIdentifier>
    </Filter>
    <Filter Include="Graphics\HUD\HUDElement\TextBox">
      <UniqueIdentifier>{bf7c072d-35ff-4d76-b9a4-c2f3704b8da6}</UniqueIdentifier>
    </Filter>
    <Filter Include="Graphics\ParticleSystem">
      <UniqueIdentifier>{b0b27fdb-091f-4b87-bc06-b99d0e3da60b}</UniqueIdentifier>
    </Filter>
    <Filter Include="AI">
      <UniqueIdentifier>{d0e9cf29-7fbf-4ed0-ac75-590998adea3a}</UniqueIdentifier>
    </Filter>
    <Filter Include="AI\PathFinding">
      <UniqueIdentifier>{f4003de7-d586-4fb6-8ab3-ddd82d933a5d}</UniqueIdentifier>
    </Filter>
  </ItemGroup>
  <ItemGroup>
    <ClCompile Include="Event\EventQueue.cpp">
      <Filter>Event</Filter>
    </ClCompile>
    <ClCompile Include="Helpers\TextHelper.cpp">
      <Filter>Helpers</Filter>
    </ClCompile>
    <ClCompile Include="GameObject\GameObject.cpp">
      <Filter>GameObject</Filter>
    </ClCompile>
    <ClCompile Include="GameObject\GameWorld.cpp">
      <Filter>GameObject</Filter>
    </ClCompile>
    <ClCompile Include="Graphics\D3D11Renderer.cpp">
      <Filter>Graphics</Filter>
    </ClCompile>
    <ClCompile Include="Graphics\DeferredRenderer.cpp">
      <Filter>Graphics</Filter>
    </ClCompile>
    <ClCompile Include="Graphics\GBuffer.cpp">
      <Filter>Graphics</Filter>
    </ClCompile>
    <ClCompile Include="Graphics\IndexBufferEngine.cpp">
      <Filter>Graphics</Filter>
    </ClCompile>
    <ClCompile Include="Graphics\Material.cpp">
      <Filter>Graphics</Filter>
    </ClCompile>
    <ClCompile Include="Graphics\MeshComponent.cpp">
      <Filter>Graphics</Filter>
    </ClCompile>
    <ClCompile Include="Graphics\MeshData.cpp">
      <Filter>Graphics</Filter>
    </ClCompile>
    <ClCompile Include="Graphics\MeshManager.cpp">
      <Filter>Graphics</Filter>
    </ClCompile>
    <ClCompile Include="Graphics\PostProcessEffect.cpp">
      <Filter>Graphics</Filter>
    </ClCompile>
    <ClCompile Include="Graphics\ShaderManager.cpp">
      <Filter>Graphics</Filter>
    </ClCompile>
    <ClCompile Include="Graphics\TextureManager.cpp">
      <Filter>Graphics</Filter>
    </ClCompile>
    <ClCompile Include="Graphics\VertexBufferEngine.cpp">
      <Filter>Graphics</Filter>
    </ClCompile>
    <ClCompile Include="Graphics\Animation\Animation.cpp">
      <Filter>Graphics\Animation</Filter>
    </ClCompile>
    <ClCompile Include="Graphics\Animation\AnimationController.cpp">
      <Filter>Graphics\Animation</Filter>
    </ClCompile>
    <ClCompile Include="Graphics\Animation\AnimationSet.cpp">
      <Filter>Graphics\Animation</Filter>
    </ClCompile>
    <ClCompile Include="Graphics\Animation\AnimationStateMachine.cpp">
      <Filter>Graphics\Animation</Filter>
    </ClCompile>
    <ClCompile Include="Graphics\Animation\Joint.cpp">
      <Filter>Graphics\Animation</Filter>
    </ClCompile>
    <ClCompile Include="Graphics\Animation\Skeleton.cpp">
      <Filter>Graphics\Animation</Filter>
    </ClCompile>
    <ClCompile Include="Graphics\Render\CBuffer.cpp">
      <Filter>Graphics\Render</Filter>
    </ClCompile>
    <ClCompile Include="Graphics\Render\PSPerLightCBuffer.cpp">
      <Filter>Graphics\Render</Filter>
    </ClCompile>
    <ClCompile Include="Graphics\Render\PSPerMaterialCBuffer.cpp">
      <Filter>Graphics\Render</Filter>
    </ClCompile>
    <ClCompile Include="Graphics\Render\RenderPass.cpp">
      <Filter>Graphics\Render</Filter>
    </ClCompile>
    <ClCompile Include="Graphics\Render\RenderTechnique.cpp">
      <Filter>Graphics\Render</Filter>
    </ClCompile>
    <ClCompile Include="Graphics\Render\State.cpp">
      <Filter>Graphics\Render</Filter>
    </ClCompile>
    <ClCompile Include="Graphics\Render\Texture.cpp">
      <Filter>Graphics\Render</Filter>
    </ClCompile>
    <ClCompile Include="Graphics\Render\VSGSPSPerFrameCBuffer.cpp">
      <Filter>Graphics\Render</Filter>
    </ClCompile>
    <ClCompile Include="Graphics\Render\VSMatrixPaletteCBuffer.cpp">
      <Filter>Graphics\Render</Filter>
    </ClCompile>
    <ClCompile Include="Graphics\Render\VSPerObjectCBuffer.cpp">
      <Filter>Graphics\Render</Filter>
    </ClCompile>
    <ClCompile Include="Graphics\Scene\SceneGraph.cpp">
      <Filter>Graphics\Scene</Filter>
    </ClCompile>
    <ClCompile Include="Light\LightComponent.cpp">
      <Filter>Light</Filter>
    </ClCompile>
    <ClCompile Include="Light\LightManager.cpp">
      <Filter>Light</Filter>
    </ClCompile>
    <ClCompile Include="Math\simdmath.cpp">
      <Filter>Math</Filter>
    </ClCompile>
    <ClCompile Include="Memory\MemoryManager.cpp">
      <Filter>Memory</Filter>
    </ClCompile>
    <ClCompile Include="Object\CameraComponent.cpp">
      <Filter>Object</Filter>
    </ClCompile>
    <ClCompile Include="Object\MovementController.cpp">
      <Filter>Object</Filter>
    </ClCompile>
    <ClCompile Include="Object\ObjectLoader.cpp">
      <Filter>Object</Filter>
    </ClCompile>
    <ClCompile Include="Physics\cdAabb.cpp">
      <Filter>Physics</Filter>
    </ClCompile>
    <ClCompile Include="Physics\cdBody.cpp">
      <Filter>Physics</Filter>
    </ClCompile>
    <ClCompile Include="Physics\cdCollide.cpp">
      <Filter>Physics</Filter>
    </ClCompile>
    <ClCompile Include="Physics\cdCollisionWorld.cpp">
      <Filter>Physics</Filter>
    </ClCompile>
    <ClCompile Include="Physics\cdObject.cpp">
      <Filter>Physics</Filter>
    </ClCompile>
    <ClCompile Include="Physics\cdPoint.cpp">
      <Filter>Physics</Filter>
    </ClCompile>
    <ClCompile Include="Physics\cdRay.cpp">
      <Filter>Physics</Filter>
    </ClCompile>
    <ClCompile Include="Physics\cdSphere.cpp">
      <Filter>Physics</Filter>
    </ClCompile>
    <ClCompile Include="DebugRenderer\Debug.cpp">
      <Filter>DebugRenderer</Filter>
    </ClCompile>
    <ClCompile Include="DebugRenderer\DEBUG_RENDERER.cpp">
      <Filter>DebugRenderer</Filter>
    </ClCompile>
    <ClCompile Include="Graphics\HUD\HUD.cpp">
      <Filter>Graphics\HUD</Filter>
    </ClCompile>
    <ClCompile Include="Graphics\HUD\HUDElement\HUDElement.cpp">
      <Filter>Graphics\HUD\HUDElement</Filter>
    </ClCompile>
    <ClCompile Include="Graphics\HUD\HUDElement\TextBox\TextBox.cpp">
      <Filter>Graphics\HUD\HUDElement\TextBox</Filter>
    </ClCompile>
    <ClCompile Include="Graphics\HUD\HUDElement\TextBox\TextEngine.cpp">
      <Filter>Graphics\HUD\HUDElement\TextBox</Filter>
    </ClCompile>
    <ClCompile Include="Graphics\HUD\HUDElement\ProgressBar\ProgressBar.cpp">
      <Filter>Graphics\HUD\HUDElement\ProgressBar</Filter>
    </ClCompile>
    <ClCompile Include="Graphics\HUD\HUDElement\ProgressBar\ProgressBarEngine.cpp">
      <Filter>Graphics\HUD\HUDElement\ProgressBar</Filter>
    </ClCompile>
    <ClCompile Include="Graphics\ParticleSystem\ParticleSystem.cpp">
      <Filter>Graphics\ParticleSystem</Filter>
    </ClCompile>
    <ClCompile Include="AI\PathFinding\FlowFieldBuilder.cpp">
      <Filter>AI\PathFinding</Filter>
    </ClCompile>
    <ClCompile Include="AI\PathFinding\FlowField.cpp">
      <Filter>AI\PathFinding</Filter>
    </ClCompile>
    <ClCompile Include="AI\PathFinding\AIController.cpp">
      <Filter>AI\PathFinding</Filter>
    </ClCompile>
  </ItemGroup>
  <ItemGroup>
    <ClInclude Include="Event\Event.h">
      <Filter>Event</Filter>
    </ClInclude>
    <ClInclude Include="Event\EventQueue.h">
      <Filter>Event</Filter>
    </ClInclude>
    <ClInclude Include="Event\InputEvent.h">
      <Filter>Event</Filter>
    </ClInclude>
    <ClInclude Include="Helpers\TextHelper.h">
      <Filter>Helpers</Filter>
    </ClInclude>
    <ClInclude Include="GameObject\GameObject.h">
      <Filter>GameObject</Filter>
    </ClInclude>
    <ClInclude Include="GameObject\GameWorld.h">
      <Filter>GameObject</Filter>
    </ClInclude>
    <ClInclude Include="Graphics\D3D11Renderer.h">
      <Filter>Graphics</Filter>
    </ClInclude>
    <ClInclude Include="Graphics\DeferredRenderer.h">
      <Filter>Graphics</Filter>
    </ClInclude>
    <ClInclude Include="Graphics\GBuffer.h">
      <Filter>Graphics</Filter>
    </ClInclude>
    <ClInclude Include="Graphics\IndexBufferEngine.h">
      <Filter>Graphics</Filter>
    </ClInclude>
    <ClInclude Include="Graphics\Material.h">
      <Filter>Graphics</Filter>
    </ClInclude>
    <ClInclude Include="Graphics\MeshComponent.h">
      <Filter>Graphics</Filter>
    </ClInclude>
    <ClInclude Include="Graphics\MeshData.h">
      <Filter>Graphics</Filter>
    </ClInclude>
    <ClInclude Include="Graphics\MeshManager.h">
      <Filter>Graphics</Filter>
    </ClInclude>
    <ClInclude Include="Graphics\PostProcessEffect.h">
      <Filter>Graphics</Filter>
    </ClInclude>
    <ClInclude Include="Graphics\ShaderManager.h">
      <Filter>Graphics</Filter>
    </ClInclude>
    <ClInclude Include="Graphics\TextureManager.h">
      <Filter>Graphics</Filter>
    </ClInclude>
    <ClInclude Include="Graphics\VertexBufferEngine.h">
      <Filter>Graphics</Filter>
    </ClInclude>
    <ClInclude Include="Graphics\VertexFormat.h">
      <Filter>Graphics</Filter>
    </ClInclude>
    <ClInclude Include="Graphics\Animation\Animation.h">
      <Filter>Graphics\Animation</Filter>
    </ClInclude>
    <ClInclude Include="Graphics\Animation\AnimationController.h">
      <Filter>Graphics\Animation</Filter>
    </ClInclude>
    <ClInclude Include="Graphics\Animation\AnimationSet.h">
      <Filter>Graphics\Animation</Filter>
    </ClInclude>
    <ClInclude Include="Graphics\Animation\AnimationStateMachine.h">
      <Filter>Graphics\Animation</Filter>
    </ClInclude>
    <ClInclude Include="Graphics\Animation\Joint.h">
      <Filter>Graphics\Animation</Filter>
    </ClInclude>
    <ClInclude Include="Graphics\Animation\Skeleton.h">
      <Filter>Graphics\Animation</Filter>
    </ClInclude>
    <ClInclude Include="Graphics\Render\CBuffer.h">
      <Filter>Graphics\Render</Filter>
    </ClInclude>
    <ClInclude Include="Graphics\Render\PSPerLightCBuffer.h">
      <Filter>Graphics\Render</Filter>
    </ClInclude>
    <ClInclude Include="Graphics\Render\PSPerMaterialCBuffer.h">
      <Filter>Graphics\Render</Filter>
    </ClInclude>
    <ClInclude Include="Graphics\Render\RenderPass.h">
      <Filter>Graphics\Render</Filter>
    </ClInclude>
    <ClInclude Include="Graphics\Render\RenderTechnique.h">
      <Filter>Graphics\Render</Filter>
    </ClInclude>
    <ClInclude Include="Graphics\Render\State.h">
      <Filter>Graphics\Render</Filter>
    </ClInclude>
    <ClInclude Include="Graphics\Render\Texture.h">
      <Filter>Graphics\Render</Filter>
    </ClInclude>
    <ClInclude Include="Graphics\Render\VSGSPSPerFrameCBuffer.h">
      <Filter>Graphics\Render</Filter>
    </ClInclude>
    <ClInclude Include="Graphics\Render\VSMatrixPaletteCBuffer.h">
      <Filter>Graphics\Render</Filter>
    </ClInclude>
    <ClInclude Include="Graphics\Render\VSPerObjectCBuffer.h">
      <Filter>Graphics\Render</Filter>
    </ClInclude>
    <ClInclude Include="Graphics\Scene\SceneGraph.h">
      <Filter>Graphics\Scene</Filter>
    </ClInclude>
    <ClInclude Include="Light\DirectionalLight.h">
      <Filter>Light</Filter>
    </ClInclude>
    <ClInclude Include="Light\LightComponent.h">
      <Filter>Light</Filter>
    </ClInclude>
    <ClInclude Include="Light\LightManager.h">
      <Filter>Light</Filter>
    </ClInclude>
    <ClInclude Include="Light\PointLight.h">
      <Filter>Light</Filter>
    </ClInclude>
    <ClInclude Include="Light\PointLightComponent.h">
      <Filter>Light</Filter>
    </ClInclude>
    <ClInclude Include="Light\SpotLight.h">
      <Filter>Light</Filter>
    </ClInclude>
    <ClInclude Include="Light\SpotLightComponent.h">
      <Filter>Light</Filter>
    </ClInclude>
    <ClInclude Include="Math\Frustum.h">
      <Filter>Math</Filter>
    </ClInclude>
    <ClInclude Include="Math\Plane.h">
      <Filter>Math</Filter>
    </ClInclude>
    <ClInclude Include="Math\simdmath.h">
      <Filter>Math</Filter>
    </ClInclude>
    <ClInclude Include="Math\SQT.h">
      <Filter>Math</Filter>
    </ClInclude>
    <ClInclude Include="Memory\Handle.h">
      <Filter>Memory</Filter>
    </ClInclude>
    <ClInclude Include="Memory\MemoryManager.h">
      <Filter>Memory</Filter>
    </ClInclude>
    <ClInclude Include="Memory\MemoryPool.h">
      <Filter>Memory</Filter>
    </ClInclude>
    <ClInclude Include="Object\Camera.h">
      <Filter>Object</Filter>
    </ClInclude>
    <ClInclude Include="Object\CameraComponent.h">
      <Filter>Object</Filter>
    </ClInclude>
    <ClInclude Include="Object\Component.h">
      <Filter>Object</Filter>
    </ClInclude>
    <ClInclude Include="Object\MovementController.h">
      <Filter>Object</Filter>
    </ClInclude>
    <ClInclude Include="Object\objectloader.h">
      <Filter>Object</Filter>
    </ClInclude>
    <ClInclude Include="Physics\cdAabb.h">
      <Filter>Physics</Filter>
    </ClInclude>
    <ClInclude Include="Physics\cdBody.h">
      <Filter>Physics</Filter>
    </ClInclude>
    <ClInclude Include="Physics\cdCollide.h">
      <Filter>Physics</Filter>
    </ClInclude>
    <ClInclude Include="Physics\cdCollisionWorld.h">
      <Filter>Physics</Filter>
    </ClInclude>
    <ClInclude Include="Physics\cdobject.h">
      <Filter>Physics</Filter>
    </ClInclude>
    <ClInclude Include="Physics\cdPoint.h">
      <Filter>Physics</Filter>
    </ClInclude>
    <ClInclude Include="Physics\cdRay.h">
      <Filter>Physics</Filter>
    </ClInclude>
    <ClInclude Include="Physics\cdSphere.h">
      <Filter>Physics</Filter>
    </ClInclude>
    <ClInclude Include="System\Assertion.h">
      <Filter>System</Filter>
    </ClInclude>
    <ClInclude Include="System\FileSystem.h">
      <Filter>System</Filter>
    </ClInclude>
    <ClInclude Include="System\Keyboard.h">
      <Filter>System</Filter>
    </ClInclude>
    <ClInclude Include="System\Mouse.h">
      <Filter>System</Filter>
    </ClInclude>
    <ClInclude Include="System\WinMsgHandler.h">
      <Filter>System</Filter>
    </ClInclude>
    <ClInclude Include="Timer\Timer.h">
      <Filter>Timer</Filter>
    </ClInclude>
    <ClInclude Include="Utilities\Geometry.h">
      <Filter>Utilities</Filter>
    </ClInclude>
    <ClInclude Include="DebugRenderer\debug.h">
      <Filter>DebugRenderer</Filter>
    </ClInclude>
    <ClInclude Include="DebugRenderer\DEBUG_RENDERER.h">
      <Filter>DebugRenderer</Filter>
    </ClInclude>
    <ClInclude Include="Graphics\HUD\HUD.h">
      <Filter>Graphics\HUD</Filter>
    </ClInclude>
    <ClInclude Include="Graphics\HUD\HUDElement\HUDElement.h">
      <Filter>Graphics\HUD\HUDElement</Filter>
    </ClInclude>
    <ClInclude Include="Graphics\HUD\HUDElement\TextBox\TextBox.h">
      <Filter>Graphics\HUD\HUDElement\TextBox</Filter>
    </ClInclude>
    <ClInclude Include="Graphics\HUD\HUDElement\TextBox\TextEngine.h">
      <Filter>Graphics\HUD\HUDElement\TextBox</Filter>
    </ClInclude>
    <ClInclude Include="Graphics\HUD\HUDElement\ProgressBar\ProgressBar.h">
      <Filter>Graphics\HUD\HUDElement\ProgressBar</Filter>
    </ClInclude>
    <ClInclude Include="Graphics\HUD\HUDElement\ProgressBar\ProgressBarEngine.h">
      <Filter>Graphics\HUD\HUDElement\ProgressBar</Filter>
    </ClInclude>
    <ClInclude Include="Graphics\ParticleSystem\ParticleSystem.h">
      <Filter>Graphics\ParticleSystem</Filter>
    </ClInclude>
    <ClInclude Include="Graphics\ParticleSystem\Random.h">
      <Filter>Graphics\ParticleSystem</Filter>
    </ClInclude>
    <ClInclude Include="Graphics\ParticleSystem\Particle.h">
      <Filter>Graphics\ParticleSystem</Filter>
    </ClInclude>
    <ClInclude Include="Event\EngineEvent.h" />
    <ClInclude Include="AI\PathFinding\FlowFieldBuilder.h">
      <Filter>AI\PathFinding</Filter>
    </ClInclude>
    <ClInclude Include="AI\PathFinding\FlowField.h">
      <Filter>AI\PathFinding</Filter>
    </ClInclude>
    <ClInclude Include="AI\PathFinding\AIController.h">
      <Filter>AI\PathFinding</Filter>
    </ClInclude>
  </ItemGroup>
  <ItemGroup>
    <FxCompile Include="Shaders\VS_vertex1P1UV.hlsl">
      <Filter>Shaders</Filter>
    </FxCompile>
    <FxCompile Include="Shaders\VS_vertex1P1D.hlsl">
      <Filter>Shaders</Filter>
    </FxCompile>
    <FxCompile Include="Shaders\VS_vertex1P.hlsl">
      <Filter>Shaders</Filter>
    </FxCompile>
    <FxCompile Include="Shaders\PS_texture.hlsl">
      <Filter>Shaders</Filter>
    </FxCompile>
    <FxCompile Include="Shaders\PS_red.hlsl">
      <Filter>Shaders</Filter>
    </FxCompile>
    <FxCompile Include="Shaders\PS_diffuse.hlsl">
      <Filter>Shaders</Filter>
    </FxCompile>
    <FxCompile Include="Shaders\PS_vertex1P1N1T1UV_deferred.hlsl">
      <Filter>Shaders</Filter>
    </FxCompile>
    <FxCompile Include="Shaders\PS_phong_gbuffer.hlsl">
      <Filter>Shaders</Filter>
    </FxCompile>
    <FxCompile Include="Shaders\VS_gbuffer.hlsl">
      <Filter>Shaders</Filter>
    </FxCompile>
    <FxCompile Include="Shaders\PS_texture_gbuffer.hlsl">
      <Filter>Shaders</Filter>
    </FxCompile>
    <FxCompile Include="Shaders\VS_vertex1P1N1T1UV.hlsl">
      <Filter>Shaders</Filter>
    </FxCompile>
    <FxCompile Include="Shaders\PS_SSReflection_ppe.hlsl">
      <Filter>Shaders</Filter>
    </FxCompile>
    <FxCompile Include="Shaders\PS_PPE_BlurV.hlsl">
      <Filter>Shaders</Filter>
    </FxCompile>
    <FxCompile Include="Shaders\PS_PPE_BlurH.hlsl">
      <Filter>Shaders</Filter>
    </FxCompile>
    <FxCompile Include="Shaders\VS_vertex1P1N1T1UV4J.hlsl">
      <Filter>Shaders</Filter>
    </FxCompile>
    <FxCompile Include="Shaders\VS_stream_out.hlsl">
      <Filter>Shaders</Filter>
    </FxCompile>
    <FxCompile Include="Shaders\GS_stream_out.hlsl">
      <Filter>Shaders</Filter>
    </FxCompile>
    <FxCompile Include="Shaders\GS_fire.hlsl">
      <Filter>Shaders</Filter>
    </FxCompile>
    <FxCompile Include="Shaders\PS_fire.hlsl">
      <Filter>Shaders</Filter>
    </FxCompile>
    <FxCompile Include="Shaders\VS_fire.hlsl">
      <Filter>Shaders</Filter>
    </FxCompile>
  </ItemGroup>
  <ItemGroup>
    <None Include="Shaders\cbuffer.hlsli">
      <Filter>Shaders</Filter>
    </None>
  </ItemGroup>
</Project>